// !$*UTF8*$!
{
	archiveVersion = 1;
	classes = {
	};
	objectVersion = 56;
	objects = {

/* Begin PBXBuildFile section */
		197CD7E9F239FDF162F8D60A /* Pods_Pokedex_PokedexUITests.framework in Frameworks */ = {isa = PBXBuildFile; fileRef = E00CF0C52E4EEE8954233C81 /* Pods_Pokedex_PokedexUITests.framework */; };
		2EA4346428FA32A700720BB5 /* AppDelegate.m in Sources */ = {isa = PBXBuildFile; fileRef = 2EA4346328FA32A700720BB5 /* AppDelegate.m */; };
		2EA4346728FA32A700720BB5 /* SceneDelegate.m in Sources */ = {isa = PBXBuildFile; fileRef = 2EA4346628FA32A700720BB5 /* SceneDelegate.m */; };
		2EA4346D28FA32A700720BB5 /* Main.storyboard in Resources */ = {isa = PBXBuildFile; fileRef = 2EA4346B28FA32A700720BB5 /* Main.storyboard */; };
		2EA4346F28FA32A900720BB5 /* Assets.xcassets in Resources */ = {isa = PBXBuildFile; fileRef = 2EA4346E28FA32A900720BB5 /* Assets.xcassets */; };
		2EA4347228FA32A900720BB5 /* LaunchScreen.storyboard in Resources */ = {isa = PBXBuildFile; fileRef = 2EA4347028FA32A900720BB5 /* LaunchScreen.storyboard */; };
		2EA4347528FA32A900720BB5 /* main.m in Sources */ = {isa = PBXBuildFile; fileRef = 2EA4347428FA32A900720BB5 /* main.m */; };
		2EA4347F28FA32A900720BB5 /* PokedexTests.m in Sources */ = {isa = PBXBuildFile; fileRef = 2EA4347E28FA32A900720BB5 /* PokedexTests.m */; };
		2EA4348928FA32A900720BB5 /* PokedexUITests.m in Sources */ = {isa = PBXBuildFile; fileRef = 2EA4348828FA32A900720BB5 /* PokedexUITests.m */; };
		2EA4348B28FA32AA00720BB5 /* PokedexUITestsLaunchTests.m in Sources */ = {isa = PBXBuildFile; fileRef = 2EA4348A28FA32AA00720BB5 /* PokedexUITestsLaunchTests.m */; };
		2EA4349D28FA382D00720BB5 /* HomeViewController.m in Sources */ = {isa = PBXBuildFile; fileRef = 2EA4349C28FA382D00720BB5 /* HomeViewController.m */; };
		2EA434A028FA386000720BB5 /* PokemonCollectionViewCell.m in Sources */ = {isa = PBXBuildFile; fileRef = 2EA4349F28FA386000720BB5 /* PokemonCollectionViewCell.m */; };
		2EA434A328FA3CD600720BB5 /* Pokemon.m in Sources */ = {isa = PBXBuildFile; fileRef = 2EA434A228FA3CD600720BB5 /* Pokemon.m */; };
		6E4EC40DB688346D712BC8DB /* Pods_Pokedex.framework in Frameworks */ = {isa = PBXBuildFile; fileRef = 8C91509675E7C7B8038A4647 /* Pods_Pokedex.framework */; };
		C74F7DCAC78CFA9E98EF3702 /* Pods_PokedexTests.framework in Frameworks */ = {isa = PBXBuildFile; fileRef = C456E6DF5285F60C5E8523CB /* Pods_PokedexTests.framework */; };
/* End PBXBuildFile section */

/* Begin PBXContainerItemProxy section */
		2EA4347B28FA32A900720BB5 /* PBXContainerItemProxy */ = {
			isa = PBXContainerItemProxy;
			containerPortal = 2EA4345728FA32A700720BB5 /* Project object */;
			proxyType = 1;
			remoteGlobalIDString = 2EA4345E28FA32A700720BB5;
			remoteInfo = Pokedex;
		};
		2EA4348528FA32A900720BB5 /* PBXContainerItemProxy */ = {
			isa = PBXContainerItemProxy;
			containerPortal = 2EA4345728FA32A700720BB5 /* Project object */;
			proxyType = 1;
			remoteGlobalIDString = 2EA4345E28FA32A700720BB5;
			remoteInfo = Pokedex;
		};
/* End PBXContainerItemProxy section */

/* Begin PBXFileReference section */
		2B158AE510C6CAEF168FA03E /* Pods-Pokedex-PokedexUITests.release.xcconfig */ = {isa = PBXFileReference; includeInIndex = 1; lastKnownFileType = text.xcconfig; name = "Pods-Pokedex-PokedexUITests.release.xcconfig"; path = "Target Support Files/Pods-Pokedex-PokedexUITests/Pods-Pokedex-PokedexUITests.release.xcconfig"; sourceTree = "<group>"; };
		2EA4345F28FA32A700720BB5 /* Pokedex.app */ = {isa = PBXFileReference; explicitFileType = wrapper.application; includeInIndex = 0; path = Pokedex.app; sourceTree = BUILT_PRODUCTS_DIR; };
		2EA4346228FA32A700720BB5 /* AppDelegate.h */ = {isa = PBXFileReference; lastKnownFileType = sourcecode.c.h; path = AppDelegate.h; sourceTree = "<group>"; };
		2EA4346328FA32A700720BB5 /* AppDelegate.m */ = {isa = PBXFileReference; lastKnownFileType = sourcecode.c.objc; path = AppDelegate.m; sourceTree = "<group>"; };
		2EA4346528FA32A700720BB5 /* SceneDelegate.h */ = {isa = PBXFileReference; lastKnownFileType = sourcecode.c.h; path = SceneDelegate.h; sourceTree = "<group>"; };
		2EA4346628FA32A700720BB5 /* SceneDelegate.m */ = {isa = PBXFileReference; lastKnownFileType = sourcecode.c.objc; path = SceneDelegate.m; sourceTree = "<group>"; };
		2EA4346C28FA32A700720BB5 /* Base */ = {isa = PBXFileReference; lastKnownFileType = file.storyboard; name = Base; path = Base.lproj/Main.storyboard; sourceTree = "<group>"; };
		2EA4346E28FA32A900720BB5 /* Assets.xcassets */ = {isa = PBXFileReference; lastKnownFileType = folder.assetcatalog; path = Assets.xcassets; sourceTree = "<group>"; };
		2EA4347128FA32A900720BB5 /* Base */ = {isa = PBXFileReference; lastKnownFileType = file.storyboard; name = Base; path = Base.lproj/LaunchScreen.storyboard; sourceTree = "<group>"; };
		2EA4347328FA32A900720BB5 /* Info.plist */ = {isa = PBXFileReference; lastKnownFileType = text.plist.xml; path = Info.plist; sourceTree = "<group>"; };
		2EA4347428FA32A900720BB5 /* main.m */ = {isa = PBXFileReference; lastKnownFileType = sourcecode.c.objc; path = main.m; sourceTree = "<group>"; };
		2EA4347A28FA32A900720BB5 /* PokedexTests.xctest */ = {isa = PBXFileReference; explicitFileType = wrapper.cfbundle; includeInIndex = 0; path = PokedexTests.xctest; sourceTree = BUILT_PRODUCTS_DIR; };
		2EA4347E28FA32A900720BB5 /* PokedexTests.m */ = {isa = PBXFileReference; lastKnownFileType = sourcecode.c.objc; path = PokedexTests.m; sourceTree = "<group>"; };
		2EA4348428FA32A900720BB5 /* PokedexUITests.xctest */ = {isa = PBXFileReference; explicitFileType = wrapper.cfbundle; includeInIndex = 0; path = PokedexUITests.xctest; sourceTree = BUILT_PRODUCTS_DIR; };
		2EA4348828FA32A900720BB5 /* PokedexUITests.m */ = {isa = PBXFileReference; lastKnownFileType = sourcecode.c.objc; path = PokedexUITests.m; sourceTree = "<group>"; };
		2EA4348A28FA32AA00720BB5 /* PokedexUITestsLaunchTests.m */ = {isa = PBXFileReference; lastKnownFileType = sourcecode.c.objc; path = PokedexUITestsLaunchTests.m; sourceTree = "<group>"; };
		2EA4349B28FA382D00720BB5 /* HomeViewController.h */ = {isa = PBXFileReference; lastKnownFileType = sourcecode.c.h; path = HomeViewController.h; sourceTree = "<group>"; };
		2EA4349C28FA382D00720BB5 /* HomeViewController.m */ = {isa = PBXFileReference; lastKnownFileType = sourcecode.c.objc; path = HomeViewController.m; sourceTree = "<group>"; };
		2EA4349E28FA386000720BB5 /* PokemonCollectionViewCell.h */ = {isa = PBXFileReference; lastKnownFileType = sourcecode.c.h; path = PokemonCollectionViewCell.h; sourceTree = "<group>"; };
		2EA4349F28FA386000720BB5 /* PokemonCollectionViewCell.m */ = {isa = PBXFileReference; lastKnownFileType = sourcecode.c.objc; path = PokemonCollectionViewCell.m; sourceTree = "<group>"; };
		2EA434A128FA3CD500720BB5 /* Pokemon.h */ = {isa = PBXFileReference; lastKnownFileType = sourcecode.c.h; path = Pokemon.h; sourceTree = "<group>"; };
		2EA434A228FA3CD600720BB5 /* Pokemon.m */ = {isa = PBXFileReference; lastKnownFileType = sourcecode.c.objc; path = Pokemon.m; sourceTree = "<group>"; };
		40F0E41CAF22881BED9F92BE /* Pods-PokedexTests.debug.xcconfig */ = {isa = PBXFileReference; includeInIndex = 1; lastKnownFileType = text.xcconfig; name = "Pods-PokedexTests.debug.xcconfig"; path = "Target Support Files/Pods-PokedexTests/Pods-PokedexTests.debug.xcconfig"; sourceTree = "<group>"; };
		8C91509675E7C7B8038A4647 /* Pods_Pokedex.framework */ = {isa = PBXFileReference; explicitFileType = wrapper.framework; includeInIndex = 0; path = Pods_Pokedex.framework; sourceTree = BUILT_PRODUCTS_DIR; };
		8DD11DF0CA7C013BDDC51887 /* Pods-PokedexTests.release.xcconfig */ = {isa = PBXFileReference; includeInIndex = 1; lastKnownFileType = text.xcconfig; name = "Pods-PokedexTests.release.xcconfig"; path = "Target Support Files/Pods-PokedexTests/Pods-PokedexTests.release.xcconfig"; sourceTree = "<group>"; };
		9D1F992BB872AA2D9F3294F8 /* Pods-Pokedex.debug.xcconfig */ = {isa = PBXFileReference; includeInIndex = 1; lastKnownFileType = text.xcconfig; name = "Pods-Pokedex.debug.xcconfig"; path = "Target Support Files/Pods-Pokedex/Pods-Pokedex.debug.xcconfig"; sourceTree = "<group>"; };
		B89C9797FC0D3A1922E628FD /* Pods-Pokedex.release.xcconfig */ = {isa = PBXFileReference; includeInIndex = 1; lastKnownFileType = text.xcconfig; name = "Pods-Pokedex.release.xcconfig"; path = "Target Support Files/Pods-Pokedex/Pods-Pokedex.release.xcconfig"; sourceTree = "<group>"; };
		C456E6DF5285F60C5E8523CB /* Pods_PokedexTests.framework */ = {isa = PBXFileReference; explicitFileType = wrapper.framework; includeInIndex = 0; path = Pods_PokedexTests.framework; sourceTree = BUILT_PRODUCTS_DIR; };
		CE3CED5889ACC256DDF6C069 /* Pods-Pokedex-PokedexUITests.debug.xcconfig */ = {isa = PBXFileReference; includeInIndex = 1; lastKnownFileType = text.xcconfig; name = "Pods-Pokedex-PokedexUITests.debug.xcconfig"; path = "Target Support Files/Pods-Pokedex-PokedexUITests/Pods-Pokedex-PokedexUITests.debug.xcconfig"; sourceTree = "<group>"; };
		E00CF0C52E4EEE8954233C81 /* Pods_Pokedex_PokedexUITests.framework */ = {isa = PBXFileReference; explicitFileType = wrapper.framework; includeInIndex = 0; path = Pods_Pokedex_PokedexUITests.framework; sourceTree = BUILT_PRODUCTS_DIR; };
/* End PBXFileReference section */

/* Begin PBXFrameworksBuildPhase section */
		2EA4345C28FA32A700720BB5 /* Frameworks */ = {
			isa = PBXFrameworksBuildPhase;
			buildActionMask = 2147483647;
			files = (
				6E4EC40DB688346D712BC8DB /* Pods_Pokedex.framework in Frameworks */,
			);
			runOnlyForDeploymentPostprocessing = 0;
		};
		2EA4347728FA32A900720BB5 /* Frameworks */ = {
			isa = PBXFrameworksBuildPhase;
			buildActionMask = 2147483647;
			files = (
				C74F7DCAC78CFA9E98EF3702 /* Pods_PokedexTests.framework in Frameworks */,
			);
			runOnlyForDeploymentPostprocessing = 0;
		};
		2EA4348128FA32A900720BB5 /* Frameworks */ = {
			isa = PBXFrameworksBuildPhase;
			buildActionMask = 2147483647;
			files = (
				197CD7E9F239FDF162F8D60A /* Pods_Pokedex_PokedexUITests.framework in Frameworks */,
			);
			runOnlyForDeploymentPostprocessing = 0;
		};
/* End PBXFrameworksBuildPhase section */

/* Begin PBXGroup section */
		2EA4345628FA32A700720BB5 = {
			isa = PBXGroup;
			children = (
				2EA4346128FA32A700720BB5 /* Pokedex */,
				2EA4347D28FA32A900720BB5 /* PokedexTests */,
				2EA4348728FA32A900720BB5 /* PokedexUITests */,
				2EA4346028FA32A700720BB5 /* Products */,
				F5997037AE97ED89B6B5A961 /* Pods */,
				F61A40F64566CF85DB573B63 /* Frameworks */,
			);
			sourceTree = "<group>";
		};
		2EA4346028FA32A700720BB5 /* Products */ = {
			isa = PBXGroup;
			children = (
				2EA4345F28FA32A700720BB5 /* Pokedex.app */,
				2EA4347A28FA32A900720BB5 /* PokedexTests.xctest */,
				2EA4348428FA32A900720BB5 /* PokedexUITests.xctest */,
			);
			name = Products;
			sourceTree = "<group>";
		};
		2EA4346128FA32A700720BB5 /* Pokedex */ = {
			isa = PBXGroup;
			children = (
				2EA4349A28FA363800720BB5 /* Managers */,
				2EA4349928FA363200720BB5 /* Models */,
				2EA4349828FA361400720BB5 /* Views */,
				2EA4349728FA35F600720BB5 /* ViewControllers */,
				2EA4346228FA32A700720BB5 /* AppDelegate.h */,
				2EA4346328FA32A700720BB5 /* AppDelegate.m */,
				2EA4346528FA32A700720BB5 /* SceneDelegate.h */,
				2EA4346628FA32A700720BB5 /* SceneDelegate.m */,
				2EA4346B28FA32A700720BB5 /* Main.storyboard */,
				2EA4346E28FA32A900720BB5 /* Assets.xcassets */,
				2EA4347028FA32A900720BB5 /* LaunchScreen.storyboard */,
				2EA4347328FA32A900720BB5 /* Info.plist */,
				2EA4347428FA32A900720BB5 /* main.m */,
			);
			path = Pokedex;
			sourceTree = "<group>";
		};
		2EA4347D28FA32A900720BB5 /* PokedexTests */ = {
			isa = PBXGroup;
			children = (
				2EA4347E28FA32A900720BB5 /* PokedexTests.m */,
			);
			path = PokedexTests;
			sourceTree = "<group>";
		};
		2EA4348728FA32A900720BB5 /* PokedexUITests */ = {
			isa = PBXGroup;
			children = (
				2EA4348828FA32A900720BB5 /* PokedexUITests.m */,
				2EA4348A28FA32AA00720BB5 /* PokedexUITestsLaunchTests.m */,
			);
			path = PokedexUITests;
			sourceTree = "<group>";
		};
		2EA4349728FA35F600720BB5 /* ViewControllers */ = {
			isa = PBXGroup;
			children = (
				2EA4349B28FA382D00720BB5 /* HomeViewController.h */,
				2EA4349C28FA382D00720BB5 /* HomeViewController.m */,
			);
			path = ViewControllers;
			sourceTree = "<group>";
		};
		2EA4349828FA361400720BB5 /* Views */ = {
			isa = PBXGroup;
			children = (
				2EA4349E28FA386000720BB5 /* PokemonCollectionViewCell.h */,
				2EA4349F28FA386000720BB5 /* PokemonCollectionViewCell.m */,
			);
			path = Views;
			sourceTree = "<group>";
		};
		2EA4349928FA363200720BB5 /* Models */ = {
			isa = PBXGroup;
			children = (
				2EA434A128FA3CD500720BB5 /* Pokemon.h */,
				2EA434A228FA3CD600720BB5 /* Pokemon.m */,
			);
			path = Models;
			sourceTree = "<group>";
		};
		2EA4349A28FA363800720BB5 /* Managers */ = {
			isa = PBXGroup;
			children = (
			);
			path = Managers;
			sourceTree = "<group>";
		};
		F5997037AE97ED89B6B5A961 /* Pods */ = {
			isa = PBXGroup;
			children = (
				9D1F992BB872AA2D9F3294F8 /* Pods-Pokedex.debug.xcconfig */,
				B89C9797FC0D3A1922E628FD /* Pods-Pokedex.release.xcconfig */,
				CE3CED5889ACC256DDF6C069 /* Pods-Pokedex-PokedexUITests.debug.xcconfig */,
				2B158AE510C6CAEF168FA03E /* Pods-Pokedex-PokedexUITests.release.xcconfig */,
				40F0E41CAF22881BED9F92BE /* Pods-PokedexTests.debug.xcconfig */,
				8DD11DF0CA7C013BDDC51887 /* Pods-PokedexTests.release.xcconfig */,
			);
			path = Pods;
			sourceTree = "<group>";
		};
		F61A40F64566CF85DB573B63 /* Frameworks */ = {
			isa = PBXGroup;
			children = (
				8C91509675E7C7B8038A4647 /* Pods_Pokedex.framework */,
				E00CF0C52E4EEE8954233C81 /* Pods_Pokedex_PokedexUITests.framework */,
				C456E6DF5285F60C5E8523CB /* Pods_PokedexTests.framework */,
			);
			name = Frameworks;
			sourceTree = "<group>";
		};
/* End PBXGroup section */

/* Begin PBXNativeTarget section */
		2EA4345E28FA32A700720BB5 /* Pokedex */ = {
			isa = PBXNativeTarget;
			buildConfigurationList = 2EA4348E28FA32AA00720BB5 /* Build configuration list for PBXNativeTarget "Pokedex" */;
			buildPhases = (
				72E72AAACC4EE688F3EEC842 /* [CP] Check Pods Manifest.lock */,
				2EA4345B28FA32A700720BB5 /* Sources */,
				2EA4345C28FA32A700720BB5 /* Frameworks */,
				2EA4345D28FA32A700720BB5 /* Resources */,
				09696F2AFE2E332F98A26C5F /* [CP] Embed Pods Frameworks */,
			);
			buildRules = (
			);
			dependencies = (
			);
			name = Pokedex;
			productName = Pokedex;
			productReference = 2EA4345F28FA32A700720BB5 /* Pokedex.app */;
			productType = "com.apple.product-type.application";
		};
		2EA4347928FA32A900720BB5 /* PokedexTests */ = {
			isa = PBXNativeTarget;
			buildConfigurationList = 2EA4349128FA32AA00720BB5 /* Build configuration list for PBXNativeTarget "PokedexTests" */;
			buildPhases = (
				151522E3BF7D8C34F1FAAF5C /* [CP] Check Pods Manifest.lock */,
				2EA4347628FA32A900720BB5 /* Sources */,
				2EA4347728FA32A900720BB5 /* Frameworks */,
				2EA4347828FA32A900720BB5 /* Resources */,
			);
			buildRules = (
			);
			dependencies = (
				2EA4347C28FA32A900720BB5 /* PBXTargetDependency */,
			);
			name = PokedexTests;
			productName = PokedexTests;
			productReference = 2EA4347A28FA32A900720BB5 /* PokedexTests.xctest */;
			productType = "com.apple.product-type.bundle.unit-test";
		};
		2EA4348328FA32A900720BB5 /* PokedexUITests */ = {
			isa = PBXNativeTarget;
			buildConfigurationList = 2EA4349428FA32AA00720BB5 /* Build configuration list for PBXNativeTarget "PokedexUITests" */;
			buildPhases = (
				DC4E521BD43624F7AEFADAF5 /* [CP] Check Pods Manifest.lock */,
				2EA4348028FA32A900720BB5 /* Sources */,
				2EA4348128FA32A900720BB5 /* Frameworks */,
				2EA4348228FA32A900720BB5 /* Resources */,
				75FBCA14427FAF5FCB698857 /* [CP] Embed Pods Frameworks */,
			);
			buildRules = (
			);
			dependencies = (
				2EA4348628FA32A900720BB5 /* PBXTargetDependency */,
			);
			name = PokedexUITests;
			productName = PokedexUITests;
			productReference = 2EA4348428FA32A900720BB5 /* PokedexUITests.xctest */;
			productType = "com.apple.product-type.bundle.ui-testing";
		};
/* End PBXNativeTarget section */

/* Begin PBXProject section */
		2EA4345728FA32A700720BB5 /* Project object */ = {
			isa = PBXProject;
			attributes = {
				BuildIndependentTargetsInParallel = 1;
				LastUpgradeCheck = 1400;
				TargetAttributes = {
					2EA4345E28FA32A700720BB5 = {
						CreatedOnToolsVersion = 14.0.1;
					};
					2EA4347928FA32A900720BB5 = {
						CreatedOnToolsVersion = 14.0.1;
						TestTargetID = 2EA4345E28FA32A700720BB5;
					};
					2EA4348328FA32A900720BB5 = {
						CreatedOnToolsVersion = 14.0.1;
						TestTargetID = 2EA4345E28FA32A700720BB5;
					};
				};
			};
			buildConfigurationList = 2EA4345A28FA32A700720BB5 /* Build configuration list for PBXProject "Pokedex" */;
			compatibilityVersion = "Xcode 14.0";
			developmentRegion = en;
			hasScannedForEncodings = 0;
			knownRegions = (
				en,
				Base,
			);
			mainGroup = 2EA4345628FA32A700720BB5;
			productRefGroup = 2EA4346028FA32A700720BB5 /* Products */;
			projectDirPath = "";
			projectRoot = "";
			targets = (
				2EA4345E28FA32A700720BB5 /* Pokedex */,
				2EA4347928FA32A900720BB5 /* PokedexTests */,
				2EA4348328FA32A900720BB5 /* PokedexUITests */,
			);
		};
/* End PBXProject section */

/* Begin PBXResourcesBuildPhase section */
		2EA4345D28FA32A700720BB5 /* Resources */ = {
			isa = PBXResourcesBuildPhase;
			buildActionMask = 2147483647;
			files = (
				2EA4347228FA32A900720BB5 /* LaunchScreen.storyboard in Resources */,
				2EA4346F28FA32A900720BB5 /* Assets.xcassets in Resources */,
				2EA4346D28FA32A700720BB5 /* Main.storyboard in Resources */,
			);
			runOnlyForDeploymentPostprocessing = 0;
		};
		2EA4347828FA32A900720BB5 /* Resources */ = {
			isa = PBXResourcesBuildPhase;
			buildActionMask = 2147483647;
			files = (
			);
			runOnlyForDeploymentPostprocessing = 0;
		};
		2EA4348228FA32A900720BB5 /* Resources */ = {
			isa = PBXResourcesBuildPhase;
			buildActionMask = 2147483647;
			files = (
			);
			runOnlyForDeploymentPostprocessing = 0;
		};
/* End PBXResourcesBuildPhase section */

/* Begin PBXShellScriptBuildPhase section */
		09696F2AFE2E332F98A26C5F /* [CP] Embed Pods Frameworks */ = {
			isa = PBXShellScriptBuildPhase;
			buildActionMask = 2147483647;
			files = (
			);
			inputFileListPaths = (
				"${PODS_ROOT}/Target Support Files/Pods-Pokedex/Pods-Pokedex-frameworks-${CONFIGURATION}-input-files.xcfilelist",
			);
			name = "[CP] Embed Pods Frameworks";
			outputFileListPaths = (
				"${PODS_ROOT}/Target Support Files/Pods-Pokedex/Pods-Pokedex-frameworks-${CONFIGURATION}-output-files.xcfilelist",
			);
			runOnlyForDeploymentPostprocessing = 0;
			shellPath = /bin/sh;
			shellScript = "\"${PODS_ROOT}/Target Support Files/Pods-Pokedex/Pods-Pokedex-frameworks.sh\"\n";
			showEnvVarsInLog = 0;
		};
		151522E3BF7D8C34F1FAAF5C /* [CP] Check Pods Manifest.lock */ = {
			isa = PBXShellScriptBuildPhase;
			buildActionMask = 2147483647;
			files = (
			);
			inputFileListPaths = (
			);
			inputPaths = (
				"${PODS_PODFILE_DIR_PATH}/Podfile.lock",
				"${PODS_ROOT}/Manifest.lock",
			);
			name = "[CP] Check Pods Manifest.lock";
			outputFileListPaths = (
			);
			outputPaths = (
				"$(DERIVED_FILE_DIR)/Pods-PokedexTests-checkManifestLockResult.txt",
			);
			runOnlyForDeploymentPostprocessing = 0;
			shellPath = /bin/sh;
			shellScript = "diff \"${PODS_PODFILE_DIR_PATH}/Podfile.lock\" \"${PODS_ROOT}/Manifest.lock\" > /dev/null\nif [ $? != 0 ] ; then\n    # print error to STDERR\n    echo \"error: The sandbox is not in sync with the Podfile.lock. Run 'pod install' or update your CocoaPods installation.\" >&2\n    exit 1\nfi\n# This output is used by Xcode 'outputs' to avoid re-running this script phase.\necho \"SUCCESS\" > \"${SCRIPT_OUTPUT_FILE_0}\"\n";
			showEnvVarsInLog = 0;
		};
		72E72AAACC4EE688F3EEC842 /* [CP] Check Pods Manifest.lock */ = {
			isa = PBXShellScriptBuildPhase;
			buildActionMask = 2147483647;
			files = (
			);
			inputFileListPaths = (
			);
			inputPaths = (
				"${PODS_PODFILE_DIR_PATH}/Podfile.lock",
				"${PODS_ROOT}/Manifest.lock",
			);
			name = "[CP] Check Pods Manifest.lock";
			outputFileListPaths = (
			);
			outputPaths = (
				"$(DERIVED_FILE_DIR)/Pods-Pokedex-checkManifestLockResult.txt",
			);
			runOnlyForDeploymentPostprocessing = 0;
			shellPath = /bin/sh;
			shellScript = "diff \"${PODS_PODFILE_DIR_PATH}/Podfile.lock\" \"${PODS_ROOT}/Manifest.lock\" > /dev/null\nif [ $? != 0 ] ; then\n    # print error to STDERR\n    echo \"error: The sandbox is not in sync with the Podfile.lock. Run 'pod install' or update your CocoaPods installation.\" >&2\n    exit 1\nfi\n# This output is used by Xcode 'outputs' to avoid re-running this script phase.\necho \"SUCCESS\" > \"${SCRIPT_OUTPUT_FILE_0}\"\n";
			showEnvVarsInLog = 0;
		};
		75FBCA14427FAF5FCB698857 /* [CP] Embed Pods Frameworks */ = {
			isa = PBXShellScriptBuildPhase;
			buildActionMask = 2147483647;
			files = (
			);
			inputFileListPaths = (
				"${PODS_ROOT}/Target Support Files/Pods-Pokedex-PokedexUITests/Pods-Pokedex-PokedexUITests-frameworks-${CONFIGURATION}-input-files.xcfilelist",
			);
			name = "[CP] Embed Pods Frameworks";
			outputFileListPaths = (
				"${PODS_ROOT}/Target Support Files/Pods-Pokedex-PokedexUITests/Pods-Pokedex-PokedexUITests-frameworks-${CONFIGURATION}-output-files.xcfilelist",
			);
			runOnlyForDeploymentPostprocessing = 0;
			shellPath = /bin/sh;
			shellScript = "\"${PODS_ROOT}/Target Support Files/Pods-Pokedex-PokedexUITests/Pods-Pokedex-PokedexUITests-frameworks.sh\"\n";
			showEnvVarsInLog = 0;
		};
		DC4E521BD43624F7AEFADAF5 /* [CP] Check Pods Manifest.lock */ = {
			isa = PBXShellScriptBuildPhase;
			buildActionMask = 2147483647;
			files = (
			);
			inputFileListPaths = (
			);
			inputPaths = (
				"${PODS_PODFILE_DIR_PATH}/Podfile.lock",
				"${PODS_ROOT}/Manifest.lock",
			);
			name = "[CP] Check Pods Manifest.lock";
			outputFileListPaths = (
			);
			outputPaths = (
				"$(DERIVED_FILE_DIR)/Pods-Pokedex-PokedexUITests-checkManifestLockResult.txt",
			);
			runOnlyForDeploymentPostprocessing = 0;
			shellPath = /bin/sh;
			shellScript = "diff \"${PODS_PODFILE_DIR_PATH}/Podfile.lock\" \"${PODS_ROOT}/Manifest.lock\" > /dev/null\nif [ $? != 0 ] ; then\n    # print error to STDERR\n    echo \"error: The sandbox is not in sync with the Podfile.lock. Run 'pod install' or update your CocoaPods installation.\" >&2\n    exit 1\nfi\n# This output is used by Xcode 'outputs' to avoid re-running this script phase.\necho \"SUCCESS\" > \"${SCRIPT_OUTPUT_FILE_0}\"\n";
			showEnvVarsInLog = 0;
		};
/* End PBXShellScriptBuildPhase section */

/* Begin PBXSourcesBuildPhase section */
		2EA4345B28FA32A700720BB5 /* Sources */ = {
			isa = PBXSourcesBuildPhase;
			buildActionMask = 2147483647;
			files = (
				2EA434A028FA386000720BB5 /* PokemonCollectionViewCell.m in Sources */,
				2EA4346428FA32A700720BB5 /* AppDelegate.m in Sources */,
				2EA4347528FA32A900720BB5 /* main.m in Sources */,
				2EA434A328FA3CD600720BB5 /* Pokemon.m in Sources */,
				2EA4349D28FA382D00720BB5 /* HomeViewController.m in Sources */,
				2EA4346728FA32A700720BB5 /* SceneDelegate.m in Sources */,
			);
			runOnlyForDeploymentPostprocessing = 0;
		};
		2EA4347628FA32A900720BB5 /* Sources */ = {
			isa = PBXSourcesBuildPhase;
			buildActionMask = 2147483647;
			files = (
				2EA4347F28FA32A900720BB5 /* PokedexTests.m in Sources */,
			);
			runOnlyForDeploymentPostprocessing = 0;
		};
		2EA4348028FA32A900720BB5 /* Sources */ = {
			isa = PBXSourcesBuildPhase;
			buildActionMask = 2147483647;
			files = (
				2EA4348928FA32A900720BB5 /* PokedexUITests.m in Sources */,
				2EA4348B28FA32AA00720BB5 /* PokedexUITestsLaunchTests.m in Sources */,
			);
			runOnlyForDeploymentPostprocessing = 0;
		};
/* End PBXSourcesBuildPhase section */

/* Begin PBXTargetDependency section */
		2EA4347C28FA32A900720BB5 /* PBXTargetDependency */ = {
			isa = PBXTargetDependency;
			target = 2EA4345E28FA32A700720BB5 /* Pokedex */;
			targetProxy = 2EA4347B28FA32A900720BB5 /* PBXContainerItemProxy */;
		};
		2EA4348628FA32A900720BB5 /* PBXTargetDependency */ = {
			isa = PBXTargetDependency;
			target = 2EA4345E28FA32A700720BB5 /* Pokedex */;
			targetProxy = 2EA4348528FA32A900720BB5 /* PBXContainerItemProxy */;
		};
/* End PBXTargetDependency section */

/* Begin PBXVariantGroup section */
		2EA4346B28FA32A700720BB5 /* Main.storyboard */ = {
			isa = PBXVariantGroup;
			children = (
				2EA4346C28FA32A700720BB5 /* Base */,
			);
			name = Main.storyboard;
			sourceTree = "<group>";
		};
		2EA4347028FA32A900720BB5 /* LaunchScreen.storyboard */ = {
			isa = PBXVariantGroup;
			children = (
				2EA4347128FA32A900720BB5 /* Base */,
			);
			name = LaunchScreen.storyboard;
			sourceTree = "<group>";
		};
/* End PBXVariantGroup section */

/* Begin XCBuildConfiguration section */
		2EA4348C28FA32AA00720BB5 /* Debug */ = {
			isa = XCBuildConfiguration;
			buildSettings = {
				ALWAYS_SEARCH_USER_PATHS = NO;
				CLANG_ANALYZER_NONNULL = YES;
				CLANG_ANALYZER_NUMBER_OBJECT_CONVERSION = YES_AGGRESSIVE;
				CLANG_CXX_LANGUAGE_STANDARD = "gnu++20";
				CLANG_ENABLE_MODULES = YES;
				CLANG_ENABLE_OBJC_ARC = YES;
				CLANG_ENABLE_OBJC_WEAK = YES;
				CLANG_WARN_BLOCK_CAPTURE_AUTORELEASING = YES;
				CLANG_WARN_BOOL_CONVERSION = YES;
				CLANG_WARN_COMMA = YES;
				CLANG_WARN_CONSTANT_CONVERSION = YES;
				CLANG_WARN_DEPRECATED_OBJC_IMPLEMENTATIONS = YES;
				CLANG_WARN_DIRECT_OBJC_ISA_USAGE = YES_ERROR;
				CLANG_WARN_DOCUMENTATION_COMMENTS = YES;
				CLANG_WARN_EMPTY_BODY = YES;
				CLANG_WARN_ENUM_CONVERSION = YES;
				CLANG_WARN_INFINITE_RECURSION = YES;
				CLANG_WARN_INT_CONVERSION = YES;
				CLANG_WARN_NON_LITERAL_NULL_CONVERSION = YES;
				CLANG_WARN_OBJC_IMPLICIT_RETAIN_SELF = YES;
				CLANG_WARN_OBJC_LITERAL_CONVERSION = YES;
				CLANG_WARN_OBJC_ROOT_CLASS = YES_ERROR;
				CLANG_WARN_QUOTED_INCLUDE_IN_FRAMEWORK_HEADER = YES;
				CLANG_WARN_RANGE_LOOP_ANALYSIS = YES;
				CLANG_WARN_STRICT_PROTOTYPES = YES;
				CLANG_WARN_SUSPICIOUS_MOVE = YES;
				CLANG_WARN_UNGUARDED_AVAILABILITY = YES_AGGRESSIVE;
				CLANG_WARN_UNREACHABLE_CODE = YES;
				CLANG_WARN__DUPLICATE_METHOD_MATCH = YES;
				COPY_PHASE_STRIP = NO;
				DEBUG_INFORMATION_FORMAT = dwarf;
				ENABLE_STRICT_OBJC_MSGSEND = YES;
				ENABLE_TESTABILITY = YES;
				GCC_C_LANGUAGE_STANDARD = gnu11;
				GCC_DYNAMIC_NO_PIC = NO;
				GCC_NO_COMMON_BLOCKS = YES;
				GCC_OPTIMIZATION_LEVEL = 0;
				GCC_PREPROCESSOR_DEFINITIONS = (
					"DEBUG=1",
					"$(inherited)",
				);
				GCC_WARN_64_TO_32_BIT_CONVERSION = YES;
				GCC_WARN_ABOUT_RETURN_TYPE = YES_ERROR;
				GCC_WARN_UNDECLARED_SELECTOR = YES;
				GCC_WARN_UNINITIALIZED_AUTOS = YES_AGGRESSIVE;
				GCC_WARN_UNUSED_FUNCTION = YES;
				GCC_WARN_UNUSED_VARIABLE = YES;
				IPHONEOS_DEPLOYMENT_TARGET = 16.0;
				MTL_ENABLE_DEBUG_INFO = INCLUDE_SOURCE;
				MTL_FAST_MATH = YES;
				ONLY_ACTIVE_ARCH = YES;
				SDKROOT = iphoneos;
			};
			name = Debug;
		};
		2EA4348D28FA32AA00720BB5 /* Release */ = {
			isa = XCBuildConfiguration;
			buildSettings = {
				ALWAYS_SEARCH_USER_PATHS = NO;
				CLANG_ANALYZER_NONNULL = YES;
				CLANG_ANALYZER_NUMBER_OBJECT_CONVERSION = YES_AGGRESSIVE;
				CLANG_CXX_LANGUAGE_STANDARD = "gnu++20";
				CLANG_ENABLE_MODULES = YES;
				CLANG_ENABLE_OBJC_ARC = YES;
				CLANG_ENABLE_OBJC_WEAK = YES;
				CLANG_WARN_BLOCK_CAPTURE_AUTORELEASING = YES;
				CLANG_WARN_BOOL_CONVERSION = YES;
				CLANG_WARN_COMMA = YES;
				CLANG_WARN_CONSTANT_CONVERSION = YES;
				CLANG_WARN_DEPRECATED_OBJC_IMPLEMENTATIONS = YES;
				CLANG_WARN_DIRECT_OBJC_ISA_USAGE = YES_ERROR;
				CLANG_WARN_DOCUMENTATION_COMMENTS = YES;
				CLANG_WARN_EMPTY_BODY = YES;
				CLANG_WARN_ENUM_CONVERSION = YES;
				CLANG_WARN_INFINITE_RECURSION = YES;
				CLANG_WARN_INT_CONVERSION = YES;
				CLANG_WARN_NON_LITERAL_NULL_CONVERSION = YES;
				CLANG_WARN_OBJC_IMPLICIT_RETAIN_SELF = YES;
				CLANG_WARN_OBJC_LITERAL_CONVERSION = YES;
				CLANG_WARN_OBJC_ROOT_CLASS = YES_ERROR;
				CLANG_WARN_QUOTED_INCLUDE_IN_FRAMEWORK_HEADER = YES;
				CLANG_WARN_RANGE_LOOP_ANALYSIS = YES;
				CLANG_WARN_STRICT_PROTOTYPES = YES;
				CLANG_WARN_SUSPICIOUS_MOVE = YES;
				CLANG_WARN_UNGUARDED_AVAILABILITY = YES_AGGRESSIVE;
				CLANG_WARN_UNREACHABLE_CODE = YES;
				CLANG_WARN__DUPLICATE_METHOD_MATCH = YES;
				COPY_PHASE_STRIP = NO;
				DEBUG_INFORMATION_FORMAT = "dwarf-with-dsym";
				ENABLE_NS_ASSERTIONS = NO;
				ENABLE_STRICT_OBJC_MSGSEND = YES;
				GCC_C_LANGUAGE_STANDARD = gnu11;
				GCC_NO_COMMON_BLOCKS = YES;
				GCC_WARN_64_TO_32_BIT_CONVERSION = YES;
				GCC_WARN_ABOUT_RETURN_TYPE = YES_ERROR;
				GCC_WARN_UNDECLARED_SELECTOR = YES;
				GCC_WARN_UNINITIALIZED_AUTOS = YES_AGGRESSIVE;
				GCC_WARN_UNUSED_FUNCTION = YES;
				GCC_WARN_UNUSED_VARIABLE = YES;
				IPHONEOS_DEPLOYMENT_TARGET = 16.0;
				MTL_ENABLE_DEBUG_INFO = NO;
				MTL_FAST_MATH = YES;
				SDKROOT = iphoneos;
				VALIDATE_PRODUCT = YES;
			};
			name = Release;
		};
		2EA4348F28FA32AA00720BB5 /* Debug */ = {
			isa = XCBuildConfiguration;
			baseConfigurationReference = 9D1F992BB872AA2D9F3294F8 /* Pods-Pokedex.debug.xcconfig */;
			buildSettings = {
				ASSETCATALOG_COMPILER_APPICON_NAME = AppIcon;
				ASSETCATALOG_COMPILER_GLOBAL_ACCENT_COLOR_NAME = AccentColor;
				CODE_SIGN_STYLE = Automatic;
				CURRENT_PROJECT_VERSION = 1;
				GENERATE_INFOPLIST_FILE = YES;
				INFOPLIST_FILE = Pokedex/Info.plist;
				INFOPLIST_KEY_UIApplicationSupportsIndirectInputEvents = YES;
				INFOPLIST_KEY_UILaunchStoryboardName = LaunchScreen;
				INFOPLIST_KEY_UIMainStoryboardFile = Main;
				INFOPLIST_KEY_UISupportedInterfaceOrientations_iPad = "UIInterfaceOrientationPortrait UIInterfaceOrientationPortraitUpsideDown UIInterfaceOrientationLandscapeLeft UIInterfaceOrientationLandscapeRight";
				INFOPLIST_KEY_UISupportedInterfaceOrientations_iPhone = "UIInterfaceOrientationPortrait UIInterfaceOrientationLandscapeLeft UIInterfaceOrientationLandscapeRight";
				LD_RUNPATH_SEARCH_PATHS = (
					"$(inherited)",
					"@executable_path/Frameworks",
				);
				MARKETING_VERSION = 1.0;
				PRODUCT_BUNDLE_IDENTIFIER = kaylyn.Pokedex;
				PRODUCT_NAME = "$(TARGET_NAME)";
				SWIFT_EMIT_LOC_STRINGS = YES;
				TARGETED_DEVICE_FAMILY = "1,2";
			};
			name = Debug;
		};
		2EA4349028FA32AA00720BB5 /* Release */ = {
			isa = XCBuildConfiguration;
			baseConfigurationReference = B89C9797FC0D3A1922E628FD /* Pods-Pokedex.release.xcconfig */;
			buildSettings = {
				ASSETCATALOG_COMPILER_APPICON_NAME = AppIcon;
				ASSETCATALOG_COMPILER_GLOBAL_ACCENT_COLOR_NAME = AccentColor;
				CODE_SIGN_STYLE = Automatic;
				CURRENT_PROJECT_VERSION = 1;
				GENERATE_INFOPLIST_FILE = YES;
				INFOPLIST_FILE = Pokedex/Info.plist;
				INFOPLIST_KEY_UIApplicationSupportsIndirectInputEvents = YES;
				INFOPLIST_KEY_UILaunchStoryboardName = LaunchScreen;
				INFOPLIST_KEY_UIMainStoryboardFile = Main;
				INFOPLIST_KEY_UISupportedInterfaceOrientations_iPad = "UIInterfaceOrientationPortrait UIInterfaceOrientationPortraitUpsideDown UIInterfaceOrientationLandscapeLeft UIInterfaceOrientationLandscapeRight";
				INFOPLIST_KEY_UISupportedInterfaceOrientations_iPhone = "UIInterfaceOrientationPortrait UIInterfaceOrientationLandscapeLeft UIInterfaceOrientationLandscapeRight";
				LD_RUNPATH_SEARCH_PATHS = (
					"$(inherited)",
					"@executable_path/Frameworks",
				);
				MARKETING_VERSION = 1.0;
				PRODUCT_BUNDLE_IDENTIFIER = kaylyn.Pokedex;
				PRODUCT_NAME = "$(TARGET_NAME)";
				SWIFT_EMIT_LOC_STRINGS = YES;
				TARGETED_DEVICE_FAMILY = "1,2";
			};
			name = Release;
		};
		2EA4349228FA32AA00720BB5 /* Debug */ = {
			isa = XCBuildConfiguration;
			baseConfigurationReference = 40F0E41CAF22881BED9F92BE /* Pods-PokedexTests.debug.xcconfig */;
			buildSettings = {
				BUNDLE_LOADER = "$(TEST_HOST)";
				CODE_SIGN_STYLE = Automatic;
				CURRENT_PROJECT_VERSION = 1;
				GENERATE_INFOPLIST_FILE = YES;
				IPHONEOS_DEPLOYMENT_TARGET = 16.0;
				MARKETING_VERSION = 1.0;
				PRODUCT_BUNDLE_IDENTIFIER = kaylyn.PokedexTests;
				PRODUCT_NAME = "$(TARGET_NAME)";
				SWIFT_EMIT_LOC_STRINGS = NO;
				TARGETED_DEVICE_FAMILY = "1,2";
				TEST_HOST = "$(BUILT_PRODUCTS_DIR)/Pokedex.app/$(BUNDLE_EXECUTABLE_FOLDER_PATH)/Pokedex";
			};
			name = Debug;
		};
		2EA4349328FA32AA00720BB5 /* Release */ = {
			isa = XCBuildConfiguration;
			baseConfigurationReference = 8DD11DF0CA7C013BDDC51887 /* Pods-PokedexTests.release.xcconfig */;
			buildSettings = {
				BUNDLE_LOADER = "$(TEST_HOST)";
				CODE_SIGN_STYLE = Automatic;
				CURRENT_PROJECT_VERSION = 1;
				GENERATE_INFOPLIST_FILE = YES;
				IPHONEOS_DEPLOYMENT_TARGET = 16.0;
				MARKETING_VERSION = 1.0;
				PRODUCT_BUNDLE_IDENTIFIER = kaylyn.PokedexTests;
				PRODUCT_NAME = "$(TARGET_NAME)";
				SWIFT_EMIT_LOC_STRINGS = NO;
				TARGETED_DEVICE_FAMILY = "1,2";
				TEST_HOST = "$(BUILT_PRODUCTS_DIR)/Pokedex.app/$(BUNDLE_EXECUTABLE_FOLDER_PATH)/Pokedex";
			};
			name = Release;
		};
		2EA4349528FA32AA00720BB5 /* Debug */ = {
			isa = XCBuildConfiguration;
			baseConfigurationReference = CE3CED5889ACC256DDF6C069 /* Pods-Pokedex-PokedexUITests.debug.xcconfig */;
			buildSettings = {
				CODE_SIGN_STYLE = Automatic;
				CURRENT_PROJECT_VERSION = 1;
				GENERATE_INFOPLIST_FILE = YES;
				MARKETING_VERSION = 1.0;
				PRODUCT_BUNDLE_IDENTIFIER = kaylyn.PokedexUITests;
				PRODUCT_NAME = "$(TARGET_NAME)";
				SWIFT_EMIT_LOC_STRINGS = NO;
				TARGETED_DEVICE_FAMILY = "1,2";
				TEST_TARGET_NAME = Pokedex;
			};
			name = Debug;
		};
		2EA4349628FA32AA00720BB5 /* Release */ = {
			isa = XCBuildConfiguration;
			baseConfigurationReference = 2B158AE510C6CAEF168FA03E /* Pods-Pokedex-PokedexUITests.release.xcconfig */;
			buildSettings = {
				CODE_SIGN_STYLE = Automatic;
				CURRENT_PROJECT_VERSION = 1;
				GENERATE_INFOPLIST_FILE = YES;
				MARKETING_VERSION = 1.0;
				PRODUCT_BUNDLE_IDENTIFIER = kaylyn.PokedexUITests;
				PRODUCT_NAME = "$(TARGET_NAME)";
				SWIFT_EMIT_LOC_STRINGS = NO;
				TARGETED_DEVICE_FAMILY = "1,2";
				TEST_TARGET_NAME = Pokedex;
			};
			name = Release;
		};
/* End XCBuildConfiguration section */

/* Begin XCConfigurationList section */
		2EA4345A28FA32A700720BB5 /* Build configuration list for PBXProject "Pokedex" */ = {
			isa = XCConfigurationList;
			buildConfigurations = (
				2EA4348C28FA32AA00720BB5 /* Debug */,
				2EA4348D28FA32AA00720BB5 /* Release */,
			);
			defaultConfigurationIsVisible = 0;
			defaultConfigurationName = Release;
		};
		2EA4348E28FA32AA00720BB5 /* Build configuration list for PBXNativeTarget "Pokedex" */ = {
			isa = XCConfigurationList;
			buildConfigurations = (
				2EA4348F28FA32AA00720BB5 /* Debug */,
				2EA4349028FA32AA00720BB5 /* Release */,
			);
			defaultConfigurationIsVisible = 0;
			defaultConfigurationName = Release;
		};
		2EA4349128FA32AA00720BB5 /* Build configuration list for PBXNativeTarget "PokedexTests" */ = {
			isa = XCConfigurationList;
			buildConfigurations = (
				2EA4349228FA32AA00720BB5 /* Debug */,
				2EA4349328FA32AA00720BB5 /* Release */,
			);
			defaultConfigurationIsVisible = 0;
			defaultConfigurationName = Release;
		};
		2EA4349428FA32AA00720BB5 /* Build configuration list for PBXNativeTarget "PokedexUITests" */ = {
			isa = XCConfigurationList;
			buildConfigurations = (
				2EA4349528FA32AA00720BB5 /* Debug */,
				2EA4349628FA32AA00720BB5 /* Release */,
			);
			defaultConfigurationIsVisible = 0;
			defaultConfigurationName = Release;
		};
/* End XCConfigurationList section */
	};
	rootObject = 2EA4345728FA32A700720BB5 /* Project object */;
}
